
Microsoft Visual Studio Solution File, Format Version 12.00
# Visual Studio 15
VisualStudioVersion = 15.0.28010.2046
MinimumVisualStudioVersion = 10.0.40219.1
Project("{FAE04EC0-301F-11D3-BF4B-00C04F79EFBC}") = "QuickPassword", "QuickPassword\QuickPassword.csproj", "{ADA042F8-6BF9-4725-82E8-48B02C9F0FBE}"
EndProject
Global
	GlobalSection(SolutionConfigurationPlatforms) = preSolution
		Debug|Any CPU = Debug|Any CPU
		Release|Any CPU = Release|Any CPU
	EndGlobalSection
	GlobalSection(ProjectConfigurationPlatforms) = postSolution
		{ADA042F8-6BF9-4725-82E8-48B02C9F0FBE}.Debug|Any CPU.ActiveCfg = Debug|Any CPU
		{ADA042F8-6BF9-4725-82E8-48B02C9F0FBE}.Debug|Any CPU.Build.0 = Debug|Any CPU
		{ADA042F8-6BF9-4725-82E8-48B02C9F0FBE}.Release|Any CPU.ActiveCfg = Release|Any CPU
		{ADA042F8-6BF9-4725-82E8-48B02C9F0FBE}.Release|Any CPU.Build.0 = Release|Any CPU
	EndGlobalSection
	GlobalSection(SolutionProperties) = preSolution
		HideSolutionNode = FALSE
	EndGlobalSection
	GlobalSection(ExtensibilityGlobals) = postSolution
		SolutionGuid = {EBD50BE6-ADB1-429F-A9C4-805F94DBBABC}
	EndGlobalSection
EndGlobal
